
Microsoft Visual Studio Solution File, Format Version 12.00
# Visual Studio Version 17
VisualStudioVersion = 17.9.34622.214
MinimumVisualStudioVersion = 10.0.40219.1
Project("{FAE04EC0-301F-11D3-BF4B-00C04F79EFBC}") = "Test", "MultiIndexMap\Test.csproj", "{977166CC-C2C2-4BC1-A6EF-B2B6C50449E5}"
EndProject
Project("{FAE04EC0-301F-11D3-BF4B-00C04F79EFBC}") = "MultiIndex", "MultiIndex\MultiIndex.csproj", "{2EE48F38-3B18-4AA6-B448-1678F773CC60}"
EndProject
Global
	GlobalSection(SolutionConfigurationPlatforms) = preSolution
		Debug|Any CPU = Debug|Any CPU
		Release|Any CPU = Release|Any CPU
	EndGlobalSection
	GlobalSection(ProjectConfigurationPlatforms) = postSolution
		{977166CC-C2C2-4BC1-A6EF-B2B6C50449E5}.Debug|Any CPU.ActiveCfg = Debug|Any CPU
		{977166CC-C2C2-4BC1-A6EF-B2B6C50449E5}.Debug|Any CPU.Build.0 = Debug|Any CPU
		{977166CC-C2C2-4BC1-A6EF-B2B6C50449E5}.Release|Any CPU.ActiveCfg = Release|Any CPU
		{977166CC-C2C2-4BC1-A6EF-B2B6C50449E5}.Release|Any CPU.Build.0 = Release|Any CPU
		{2EE48F38-3B18-4AA6-B448-1678F773CC60}.Debug|Any CPU.ActiveCfg = Debug|Any CPU
		{2EE48F38-3B18-4AA6-B448-1678F773CC60}.Debug|Any CPU.Build.0 = Debug|Any CPU
		{2EE48F38-3B18-4AA6-B448-1678F773CC60}.Release|Any CPU.ActiveCfg = Release|Any CPU
		{2EE48F38-3B18-4AA6-B448-1678F773CC60}.Release|Any CPU.Build.0 = Release|Any CPU
	EndGlobalSection
	GlobalSection(SolutionProperties) = preSolution
		HideSolutionNode = FALSE
	EndGlobalSection
	GlobalSection(ExtensibilityGlobals) = postSolution
		SolutionGuid = {CBFC4DED-C5B2-424D-9AAF-57DBEA7BCF04}
	EndGlobalSection
EndGlobal
